
Microsoft Visual Studio Solution File, Format Version 12.00
# Visual Studio Version 17
VisualStudioVersion = 17.7.34031.279
MinimumVisualStudioVersion = 10.0.40219.1
Project("{9A19103F-16F7-4668-BE54-9A1E7A4F7556}") = "NTNU_FirstPlugin", "NTNU_FirstPlugin.csproj", "{FF008E30-E3F3-4863-8DE1-865D6949B6F7}"
EndProject
Global
	GlobalSection(SolutionConfigurationPlatforms) = preSolution
		Debug|Any CPU = Debug|Any CPU
		Release|Any CPU = Release|Any CPU
	EndGlobalSection
	GlobalSection(ProjectConfigurationPlatforms) = postSolution
		{FF008E30-E3F3-4863-8DE1-865D6949B6F7}.Debug|Any CPU.ActiveCfg = Debug|Any CPU
		{FF008E30-E3F3-4863-8DE1-865D6949B6F7}.Debug|Any CPU.Build.0 = Debug|Any CPU
		{FF008E30-E3F3-4863-8DE1-865D6949B6F7}.Release|Any CPU.ActiveCfg = Release|Any CPU
		{FF008E30-E3F3-4863-8DE1-865D6949B6F7}.Release|Any CPU.Build.0 = Release|Any CPU
	EndGlobalSection
	GlobalSection(SolutionProperties) = preSolution
		HideSolutionNode = FALSE
	EndGlobalSection
	GlobalSection(ExtensibilityGlobals) = postSolution
		SolutionGuid = {7CD6F47A-1D48-460F-8D53-B0B77E9E4E53}
	EndGlobalSection
EndGlobal
